
Microsoft Visual Studio Solution File, Format Version 12.00
# Visual Studio 2013
VisualStudioVersion = 12.0.31101.0
MinimumVisualStudioVersion = 10.0.40219.1
Project("{FAE04EC0-301F-11D3-BF4B-00C04F79EFBC}") = "CodeBlacks.BusinessRules", "CodeBlacks.BusinessRules\CodeBlacks.BusinessRules.csproj", "{7ED520F4-375B-45AD-9784-2B7DF459058C}"
EndProject
Project("{FAE04EC0-301F-11D3-BF4B-00C04F79EFBC}") = "CodeBlacks.Tests", "CodeBlacks.Tests\CodeBlacks.Tests.csproj", "{53AA2B68-A555-416C-B29E-FF3B845C715E}"
EndProject
Project("{FAE04EC0-301F-11D3-BF4B-00C04F79EFBC}") = "CodeBlacks.Harness", "CodeBlacks.Harness\CodeBlacks.Harness.csproj", "{3C7180D4-B02A-422A-9467-D6953ACFB6B3}"
EndProject
Project("{FAE04EC0-301F-11D3-BF4B-00C04F79EFBC}") = "CodeBlacks.WebJob", "CodeBlacks.WebJob\CodeBlacks.WebJob.csproj", "{B3AD868E-D5D5-4A47-8564-A9C90744B7A6}"
EndProject
Project("{FAE04EC0-301F-11D3-BF4B-00C04F79EFBC}") = "CodeBlacks.Web", "CodeBlacks.Web\CodeBlacks.Web.csproj", "{62FA5065-9408-4762-8487-FE0BC685E2DA}"
EndProject
Project("{E24C65DC-7377-472B-9ABA-BC803B73C61A}") = "WebBlack", "http://localhost:53216", "{3BA2630D-51A1-4654-A5A8-3DC7CC61BDA4}"
	ProjectSection(WebsiteProperties) = preProject
		UseIISExpress = "true"
		TargetFrameworkMoniker = ".NETFramework,Version%3Dv4.5"
		Debug.AspNetCompiler.VirtualPath = "/localhost_53216"
		Debug.AspNetCompiler.PhysicalPath = "WebBlack\"
		Debug.AspNetCompiler.TargetPath = "PrecompiledWeb\localhost_53216\"
		Debug.AspNetCompiler.Updateable = "true"
		Debug.AspNetCompiler.ForceOverwrite = "true"
		Debug.AspNetCompiler.FixedNames = "false"
		Debug.AspNetCompiler.Debug = "True"
		Release.AspNetCompiler.VirtualPath = "/localhost_53216"
		Release.AspNetCompiler.PhysicalPath = "WebBlack\"
		Release.AspNetCompiler.TargetPath = "PrecompiledWeb\localhost_53216\"
		Release.AspNetCompiler.Updateable = "true"
		Release.AspNetCompiler.ForceOverwrite = "true"
		Release.AspNetCompiler.FixedNames = "false"
		Release.AspNetCompiler.Debug = "False"
		SlnRelativePath = "WebBlack\"
		DefaultWebSiteLanguage = "Visual C#"
	EndProjectSection
EndProject
Global
	GlobalSection(SolutionConfigurationPlatforms) = preSolution
		Debug|Any CPU = Debug|Any CPU
		Release|Any CPU = Release|Any CPU
	EndGlobalSection
	GlobalSection(ProjectConfigurationPlatforms) = postSolution
		{7ED520F4-375B-45AD-9784-2B7DF459058C}.Debug|Any CPU.ActiveCfg = Debug|Any CPU
		{7ED520F4-375B-45AD-9784-2B7DF459058C}.Debug|Any CPU.Build.0 = Debug|Any CPU
		{7ED520F4-375B-45AD-9784-2B7DF459058C}.Release|Any CPU.ActiveCfg = Release|Any CPU
		{7ED520F4-375B-45AD-9784-2B7DF459058C}.Release|Any CPU.Build.0 = Release|Any CPU
		{53AA2B68-A555-416C-B29E-FF3B845C715E}.Debug|Any CPU.ActiveCfg = Debug|Any CPU
		{53AA2B68-A555-416C-B29E-FF3B845C715E}.Debug|Any CPU.Build.0 = Debug|Any CPU
		{53AA2B68-A555-416C-B29E-FF3B845C715E}.Release|Any CPU.ActiveCfg = Release|Any CPU
		{53AA2B68-A555-416C-B29E-FF3B845C715E}.Release|Any CPU.Build.0 = Release|Any CPU
		{3C7180D4-B02A-422A-9467-D6953ACFB6B3}.Debug|Any CPU.ActiveCfg = Debug|Any CPU
		{3C7180D4-B02A-422A-9467-D6953ACFB6B3}.Debug|Any CPU.Build.0 = Debug|Any CPU
		{3C7180D4-B02A-422A-9467-D6953ACFB6B3}.Release|Any CPU.ActiveCfg = Release|Any CPU
		{3C7180D4-B02A-422A-9467-D6953ACFB6B3}.Release|Any CPU.Build.0 = Release|Any CPU
		{B3AD868E-D5D5-4A47-8564-A9C90744B7A6}.Debug|Any CPU.ActiveCfg = Debug|Any CPU
		{B3AD868E-D5D5-4A47-8564-A9C90744B7A6}.Debug|Any CPU.Build.0 = Debug|Any CPU
		{B3AD868E-D5D5-4A47-8564-A9C90744B7A6}.Release|Any CPU.ActiveCfg = Release|Any CPU
		{B3AD868E-D5D5-4A47-8564-A9C90744B7A6}.Release|Any CPU.Build.0 = Release|Any CPU
		{62FA5065-9408-4762-8487-FE0BC685E2DA}.Debug|Any CPU.ActiveCfg = Debug|Any CPU
		{62FA5065-9408-4762-8487-FE0BC685E2DA}.Debug|Any CPU.Build.0 = Debug|Any CPU
		{62FA5065-9408-4762-8487-FE0BC685E2DA}.Release|Any CPU.ActiveCfg = Release|Any CPU
		{62FA5065-9408-4762-8487-FE0BC685E2DA}.Release|Any CPU.Build.0 = Release|Any CPU
		{3BA2630D-51A1-4654-A5A8-3DC7CC61BDA4}.Debug|Any CPU.ActiveCfg = Debug|Any CPU
		{3BA2630D-51A1-4654-A5A8-3DC7CC61BDA4}.Debug|Any CPU.Build.0 = Debug|Any CPU
		{3BA2630D-51A1-4654-A5A8-3DC7CC61BDA4}.Release|Any CPU.ActiveCfg = Debug|Any CPU
		{3BA2630D-51A1-4654-A5A8-3DC7CC61BDA4}.Release|Any CPU.Build.0 = Debug|Any CPU
	EndGlobalSection
	GlobalSection(SolutionProperties) = preSolution
		HideSolutionNode = FALSE
	EndGlobalSection
EndGlobal
